// !$*UTF8*$!
{
	archiveVersion = 1;
	classes = {
	};
	objectVersion = 50;
	objects = {

/* Begin PBXBuildFile section */
		752EBF989F4BE0A402F91332 /* Pods_ClinTwin360.framework in Frameworks */ = {isa = PBXBuildFile; fileRef = 8A303310BEA7AE46604F8D75 /* Pods_ClinTwin360.framework */; };
		FF529F48240CD4AA000A9C35 /* AppDelegate.swift in Sources */ = {isa = PBXBuildFile; fileRef = FF529F47240CD4AA000A9C35 /* AppDelegate.swift */; };
		FF529F4A240CD4AA000A9C35 /* ViewController.swift in Sources */ = {isa = PBXBuildFile; fileRef = FF529F49240CD4AA000A9C35 /* ViewController.swift */; };
		FF529F4D240CD4AA000A9C35 /* Main.storyboard in Resources */ = {isa = PBXBuildFile; fileRef = FF529F4B240CD4AA000A9C35 /* Main.storyboard */; };
		FF529F4F240CD4AC000A9C35 /* Assets.xcassets in Resources */ = {isa = PBXBuildFile; fileRef = FF529F4E240CD4AC000A9C35 /* Assets.xcassets */; };
		FF529F52240CD4AC000A9C35 /* LaunchScreen.storyboard in Resources */ = {isa = PBXBuildFile; fileRef = FF529F50240CD4AC000A9C35 /* LaunchScreen.storyboard */; };
		FFBDC94E241CAA180056F552 /* ConsentDocument.swift in Sources */ = {isa = PBXBuildFile; fileRef = FFBDC94D241CAA180056F552 /* ConsentDocument.swift */; };
		FFBDC950241CAAFF0056F552 /* ConsentTask.swift in Sources */ = {isa = PBXBuildFile; fileRef = FFBDC94F241CAAFF0056F552 /* ConsentTask.swift */; };
		FFBDC953241CADE10056F552 /* SurveyTask.swift in Sources */ = {isa = PBXBuildFile; fileRef = FFBDC952241CADE10056F552 /* SurveyTask.swift */; };
		FFBDC955241CAF610056F552 /* ResearchImages.xcassets in Resources */ = {isa = PBXBuildFile; fileRef = FFBDC954241CAF610056F552 /* ResearchImages.xcassets */; };
/* End PBXBuildFile section */

/* Begin PBXFileReference section */
		174A4D8F9237B519304FA248 /* Pods-ClinTwin360.release.xcconfig */ = {isa = PBXFileReference; includeInIndex = 1; lastKnownFileType = text.xcconfig; name = "Pods-ClinTwin360.release.xcconfig"; path = "Target Support Files/Pods-ClinTwin360/Pods-ClinTwin360.release.xcconfig"; sourceTree = "<group>"; };
		8A303310BEA7AE46604F8D75 /* Pods_ClinTwin360.framework */ = {isa = PBXFileReference; explicitFileType = wrapper.framework; includeInIndex = 0; path = Pods_ClinTwin360.framework; sourceTree = BUILT_PRODUCTS_DIR; };
		8DDB9242444DAB1E6A261704 /* Pods-ClinTwin360.debug.xcconfig */ = {isa = PBXFileReference; includeInIndex = 1; lastKnownFileType = text.xcconfig; name = "Pods-ClinTwin360.debug.xcconfig"; path = "Target Support Files/Pods-ClinTwin360/Pods-ClinTwin360.debug.xcconfig"; sourceTree = "<group>"; };
		FF529F44240CD4AA000A9C35 /* ClinTwin360.app */ = {isa = PBXFileReference; explicitFileType = wrapper.application; includeInIndex = 0; path = ClinTwin360.app; sourceTree = BUILT_PRODUCTS_DIR; };
		FF529F47240CD4AA000A9C35 /* AppDelegate.swift */ = {isa = PBXFileReference; lastKnownFileType = sourcecode.swift; path = AppDelegate.swift; sourceTree = "<group>"; };
		FF529F49240CD4AA000A9C35 /* ViewController.swift */ = {isa = PBXFileReference; lastKnownFileType = sourcecode.swift; path = ViewController.swift; sourceTree = "<group>"; };
		FF529F4C240CD4AA000A9C35 /* Base */ = {isa = PBXFileReference; lastKnownFileType = file.storyboard; name = Base; path = Base.lproj/Main.storyboard; sourceTree = "<group>"; };
		FF529F4E240CD4AC000A9C35 /* Assets.xcassets */ = {isa = PBXFileReference; lastKnownFileType = folder.assetcatalog; path = Assets.xcassets; sourceTree = "<group>"; };
		FF529F51240CD4AC000A9C35 /* Base */ = {isa = PBXFileReference; lastKnownFileType = file.storyboard; name = Base; path = Base.lproj/LaunchScreen.storyboard; sourceTree = "<group>"; };
		FF529F53240CD4AC000A9C35 /* Info.plist */ = {isa = PBXFileReference; lastKnownFileType = text.plist.xml; path = Info.plist; sourceTree = "<group>"; };
		FFBDC94D241CAA180056F552 /* ConsentDocument.swift */ = {isa = PBXFileReference; lastKnownFileType = sourcecode.swift; path = ConsentDocument.swift; sourceTree = "<group>"; };
		FFBDC94F241CAAFF0056F552 /* ConsentTask.swift */ = {isa = PBXFileReference; lastKnownFileType = sourcecode.swift; path = ConsentTask.swift; sourceTree = "<group>"; };
		FFBDC952241CADE10056F552 /* SurveyTask.swift */ = {isa = PBXFileReference; lastKnownFileType = sourcecode.swift; path = SurveyTask.swift; sourceTree = "<group>"; };
		FFBDC954241CAF610056F552 /* ResearchImages.xcassets */ = {isa = PBXFileReference; lastKnownFileType = folder.assetcatalog; path = ResearchImages.xcassets; sourceTree = "<group>"; };
/* End PBXFileReference section */

/* Begin PBXFrameworksBuildPhase section */
		FF529F41240CD4A9000A9C35 /* Frameworks */ = {
			isa = PBXFrameworksBuildPhase;
			buildActionMask = 2147483647;
			files = (
				752EBF989F4BE0A402F91332 /* Pods_ClinTwin360.framework in Frameworks */,
			);
			runOnlyForDeploymentPostprocessing = 0;
		};
/* End PBXFrameworksBuildPhase section */

/* Begin PBXGroup section */
		BF5C543B8754848350049D05 /* Frameworks */ = {
			isa = PBXGroup;
			children = (
				8A303310BEA7AE46604F8D75 /* Pods_ClinTwin360.framework */,
			);
			name = Frameworks;
			sourceTree = "<group>";
		};
		C015432FA3E54999C130288C /* Pods */ = {
			isa = PBXGroup;
			children = (
				8DDB9242444DAB1E6A261704 /* Pods-ClinTwin360.debug.xcconfig */,
				174A4D8F9237B519304FA248 /* Pods-ClinTwin360.release.xcconfig */,
			);
			path = Pods;
			sourceTree = "<group>";
		};
		FF529F3B240CD4A9000A9C35 = {
			isa = PBXGroup;
			children = (
				FF529F46240CD4AA000A9C35 /* ClinTwin360 */,
				FF529F45240CD4AA000A9C35 /* Products */,
				C015432FA3E54999C130288C /* Pods */,
				BF5C543B8754848350049D05 /* Frameworks */,
			);
			sourceTree = "<group>";
		};
		FF529F45240CD4AA000A9C35 /* Products */ = {
			isa = PBXGroup;
			children = (
				FF529F44240CD4AA000A9C35 /* ClinTwin360.app */,
			);
			name = Products;
			sourceTree = "<group>";
		};
		FF529F46240CD4AA000A9C35 /* ClinTwin360 */ = {
			isa = PBXGroup;
			children = (
				FFBDC951241CADBA0056F552 /* ResearchTasks */,
				FF529F47240CD4AA000A9C35 /* AppDelegate.swift */,
				FF529F49240CD4AA000A9C35 /* ViewController.swift */,
				FF529F4B240CD4AA000A9C35 /* Main.storyboard */,
				FF529F4E240CD4AC000A9C35 /* Assets.xcassets */,
				FF529F50240CD4AC000A9C35 /* LaunchScreen.storyboard */,
				FF529F53240CD4AC000A9C35 /* Info.plist */,
			);
			path = ClinTwin360;
			sourceTree = "<group>";
		};
		FFBDC951241CADBA0056F552 /* ResearchTasks */ = {
			isa = PBXGroup;
			children = (
				FFBDC94D241CAA180056F552 /* ConsentDocument.swift */,
				FFBDC94F241CAAFF0056F552 /* ConsentTask.swift */,
				FFBDC952241CADE10056F552 /* SurveyTask.swift */,
				FFBDC954241CAF610056F552 /* ResearchImages.xcassets */,
			);
			path = ResearchTasks;
			sourceTree = "<group>";
		};
/* End PBXGroup section */

/* Begin PBXNativeTarget section */
		FF529F43240CD4A9000A9C35 /* ClinTwin360 */ = {
			isa = PBXNativeTarget;
			buildConfigurationList = FF529F56240CD4AC000A9C35 /* Build configuration list for PBXNativeTarget "ClinTwin360" */;
			buildPhases = (
				C8538F810DEEDABA8343C3C6 /* [CP] Check Pods Manifest.lock */,
				FF529F40240CD4A9000A9C35 /* Sources */,
				FF529F41240CD4A9000A9C35 /* Frameworks */,
				FF529F42240CD4A9000A9C35 /* Resources */,
				816D348A056F99B502690B86 /* [CP] Embed Pods Frameworks */,
			);
			buildRules = (
			);
			dependencies = (
			);
			name = ClinTwin360;
			productName = ClinTwin360;
			productReference = FF529F44240CD4AA000A9C35 /* ClinTwin360.app */;
			productType = "com.apple.product-type.application";
		};
/* End PBXNativeTarget section */

/* Begin PBXProject section */
		FF529F3C240CD4A9000A9C35 /* Project object */ = {
			isa = PBXProject;
			attributes = {
				LastSwiftUpdateCheck = 1030;
				LastUpgradeCheck = 1030;
				ORGANIZATIONNAME = "Lauren Bongartz";
				TargetAttributes = {
					FF529F43240CD4A9000A9C35 = {
						CreatedOnToolsVersion = 10.3;
					};
				};
			};
			buildConfigurationList = FF529F3F240CD4A9000A9C35 /* Build configuration list for PBXProject "ClinTwin360" */;
			compatibilityVersion = "Xcode 9.3";
			developmentRegion = en;
			hasScannedForEncodings = 0;
			knownRegions = (
				en,
				Base,
			);
			mainGroup = FF529F3B240CD4A9000A9C35;
			productRefGroup = FF529F45240CD4AA000A9C35 /* Products */;
			projectDirPath = "";
			projectRoot = "";
			targets = (
				FF529F43240CD4A9000A9C35 /* ClinTwin360 */,
			);
		};
/* End PBXProject section */

/* Begin PBXResourcesBuildPhase section */
		FF529F42240CD4A9000A9C35 /* Resources */ = {
			isa = PBXResourcesBuildPhase;
			buildActionMask = 2147483647;
			files = (
				FF529F52240CD4AC000A9C35 /* LaunchScreen.storyboard in Resources */,
				FF529F4F240CD4AC000A9C35 /* Assets.xcassets in Resources */,
				FFBDC955241CAF610056F552 /* ResearchImages.xcassets in Resources */,
				FF529F4D240CD4AA000A9C35 /* Main.storyboard in Resources */,
			);
			runOnlyForDeploymentPostprocessing = 0;
		};
/* End PBXResourcesBuildPhase section */

/* Begin PBXShellScriptBuildPhase section */
		816D348A056F99B502690B86 /* [CP] Embed Pods Frameworks */ = {
			isa = PBXShellScriptBuildPhase;
			buildActionMask = 2147483647;
			files = (
			);
			inputFileListPaths = (
			);
			inputPaths = (
				"${PODS_ROOT}/Target Support Files/Pods-ClinTwin360/Pods-ClinTwin360-frameworks.sh",
				"${BUILT_PRODUCTS_DIR}/Alamofire/Alamofire.framework",
				"${BUILT_PRODUCTS_DIR}/ResearchKit/ResearchKit.framework",
			);
			name = "[CP] Embed Pods Frameworks";
			outputFileListPaths = (
			);
			outputPaths = (
				"${TARGET_BUILD_DIR}/${FRAMEWORKS_FOLDER_PATH}/Alamofire.framework",
				"${TARGET_BUILD_DIR}/${FRAMEWORKS_FOLDER_PATH}/ResearchKit.framework",
			);
			runOnlyForDeploymentPostprocessing = 0;
			shellPath = /bin/sh;
			shellScript = "\"${PODS_ROOT}/Target Support Files/Pods-ClinTwin360/Pods-ClinTwin360-frameworks.sh\"\n";
			showEnvVarsInLog = 0;
		};
		C8538F810DEEDABA8343C3C6 /* [CP] Check Pods Manifest.lock */ = {
			isa = PBXShellScriptBuildPhase;
			buildActionMask = 2147483647;
			files = (
			);
			inputFileListPaths = (
			);
			inputPaths = (
				"${PODS_PODFILE_DIR_PATH}/Podfile.lock",
				"${PODS_ROOT}/Manifest.lock",
			);
			name = "[CP] Check Pods Manifest.lock";
			outputFileListPaths = (
			);
			outputPaths = (
				"$(DERIVED_FILE_DIR)/Pods-ClinTwin360-checkManifestLockResult.txt",
			);
			runOnlyForDeploymentPostprocessing = 0;
			shellPath = /bin/sh;
			shellScript = "diff \"${PODS_PODFILE_DIR_PATH}/Podfile.lock\" \"${PODS_ROOT}/Manifest.lock\" > /dev/null\nif [ $? != 0 ] ; then\n    # print error to STDERR\n    echo \"error: The sandbox is not in sync with the Podfile.lock. Run 'pod install' or update your CocoaPods installation.\" >&2\n    exit 1\nfi\n# This output is used by Xcode 'outputs' to avoid re-running this script phase.\necho \"SUCCESS\" > \"${SCRIPT_OUTPUT_FILE_0}\"\n";
			showEnvVarsInLog = 0;
		};
/* End PBXShellScriptBuildPhase section */

/* Begin PBXSourcesBuildPhase section */
		FF529F40240CD4A9000A9C35 /* Sources */ = {
			isa = PBXSourcesBuildPhase;
			buildActionMask = 2147483647;
			files = (
				FF529F4A240CD4AA000A9C35 /* ViewController.swift in Sources */,
				FFBDC950241CAAFF0056F552 /* ConsentTask.swift in Sources */,
				FFBDC953241CADE10056F552 /* SurveyTask.swift in Sources */,
				FFBDC94E241CAA180056F552 /* ConsentDocument.swift in Sources */,
				FF529F48240CD4AA000A9C35 /* AppDelegate.swift in Sources */,
			);
			runOnlyForDeploymentPostprocessing = 0;
		};
/* End PBXSourcesBuildPhase section */

/* Begin PBXVariantGroup section */
		FF529F4B240CD4AA000A9C35 /* Main.storyboard */ = {
			isa = PBXVariantGroup;
			children = (
				FF529F4C240CD4AA000A9C35 /* Base */,
			);
			name = Main.storyboard;
			sourceTree = "<group>";
		};
		FF529F50240CD4AC000A9C35 /* LaunchScreen.storyboard */ = {
			isa = PBXVariantGroup;
			children = (
				FF529F51240CD4AC000A9C35 /* Base */,
			);
			name = LaunchScreen.storyboard;
			sourceTree = "<group>";
		};
/* End PBXVariantGroup section */

/* Begin XCBuildConfiguration section */
		FF529F54240CD4AC000A9C35 /* Debug */ = {
			isa = XCBuildConfiguration;
			buildSettings = {
				ALWAYS_SEARCH_USER_PATHS = NO;
				CLANG_ANALYZER_NONNULL = YES;
				CLANG_ANALYZER_NUMBER_OBJECT_CONVERSION = YES_AGGRESSIVE;
				CLANG_CXX_LANGUAGE_STANDARD = "gnu++14";
				CLANG_CXX_LIBRARY = "libc++";
				CLANG_ENABLE_MODULES = YES;
				CLANG_ENABLE_OBJC_ARC = YES;
				CLANG_ENABLE_OBJC_WEAK = YES;
				CLANG_WARN_BLOCK_CAPTURE_AUTORELEASING = YES;
				CLANG_WARN_BOOL_CONVERSION = YES;
				CLANG_WARN_COMMA = YES;
				CLANG_WARN_CONSTANT_CONVERSION = YES;
				CLANG_WARN_DEPRECATED_OBJC_IMPLEMENTATIONS = YES;
				CLANG_WARN_DIRECT_OBJC_ISA_USAGE = YES_ERROR;
				CLANG_WARN_DOCUMENTATION_COMMENTS = YES;
				CLANG_WARN_EMPTY_BODY = YES;
				CLANG_WARN_ENUM_CONVERSION = YES;
				CLANG_WARN_INFINITE_RECURSION = YES;
				CLANG_WARN_INT_CONVERSION = YES;
				CLANG_WARN_NON_LITERAL_NULL_CONVERSION = YES;
				CLANG_WARN_OBJC_IMPLICIT_RETAIN_SELF = YES;
				CLANG_WARN_OBJC_LITERAL_CONVERSION = YES;
				CLANG_WARN_OBJC_ROOT_CLASS = YES_ERROR;
				CLANG_WARN_RANGE_LOOP_ANALYSIS = YES;
				CLANG_WARN_STRICT_PROTOTYPES = YES;
				CLANG_WARN_SUSPICIOUS_MOVE = YES;
				CLANG_WARN_UNGUARDED_AVAILABILITY = YES_AGGRESSIVE;
				CLANG_WARN_UNREACHABLE_CODE = YES;
				CLANG_WARN__DUPLICATE_METHOD_MATCH = YES;
				CODE_SIGN_IDENTITY = "iPhone Developer";
				COPY_PHASE_STRIP = NO;
				DEBUG_INFORMATION_FORMAT = dwarf;
				ENABLE_STRICT_OBJC_MSGSEND = YES;
				ENABLE_TESTABILITY = YES;
				GCC_C_LANGUAGE_STANDARD = gnu11;
				GCC_DYNAMIC_NO_PIC = NO;
				GCC_NO_COMMON_BLOCKS = YES;
				GCC_OPTIMIZATION_LEVEL = 0;
				GCC_PREPROCESSOR_DEFINITIONS = (
					"DEBUG=1",
					"$(inherited)",
				);
				GCC_WARN_64_TO_32_BIT_CONVERSION = YES;
				GCC_WARN_ABOUT_RETURN_TYPE = YES_ERROR;
				GCC_WARN_UNDECLARED_SELECTOR = YES;
				GCC_WARN_UNINITIALIZED_AUTOS = YES_AGGRESSIVE;
				GCC_WARN_UNUSED_FUNCTION = YES;
				GCC_WARN_UNUSED_VARIABLE = YES;
				IPHONEOS_DEPLOYMENT_TARGET = 12.4;
				MTL_ENABLE_DEBUG_INFO = INCLUDE_SOURCE;
				MTL_FAST_MATH = YES;
				ONLY_ACTIVE_ARCH = YES;
				SDKROOT = iphoneos;
				SWIFT_ACTIVE_COMPILATION_CONDITIONS = DEBUG;
				SWIFT_OPTIMIZATION_LEVEL = "-Onone";
			};
			name = Debug;
		};
		FF529F55240CD4AC000A9C35 /* Release */ = {
			isa = XCBuildConfiguration;
			buildSettings = {
				ALWAYS_SEARCH_USER_PATHS = NO;
				CLANG_ANALYZER_NONNULL = YES;
				CLANG_ANALYZER_NUMBER_OBJECT_CONVERSION = YES_AGGRESSIVE;
				CLANG_CXX_LANGUAGE_STANDARD = "gnu++14";
				CLANG_CXX_LIBRARY = "libc++";
				CLANG_ENABLE_MODULES = YES;
				CLANG_ENABLE_OBJC_ARC = YES;
				CLANG_ENABLE_OBJC_WEAK = YES;
				CLANG_WARN_BLOCK_CAPTURE_AUTORELEASING = YES;
				CLANG_WARN_BOOL_CONVERSION = YES;
				CLANG_WARN_COMMA = YES;
				CLANG_WARN_CONSTANT_CONVERSION = YES;
				CLANG_WARN_DEPRECATED_OBJC_IMPLEMENTATIONS = YES;
				CLANG_WARN_DIRECT_OBJC_ISA_USAGE = YES_ERROR;
				CLANG_WARN_DOCUMENTATION_COMMENTS = YES;
				CLANG_WARN_EMPTY_BODY = YES;
				CLANG_WARN_ENUM_CONVERSION = YES;
				CLANG_WARN_INFINITE_RECURSION = YES;
				CLANG_WARN_INT_CONVERSION = YES;
				CLANG_WARN_NON_LITERAL_NULL_CONVERSION = YES;
				CLANG_WARN_OBJC_IMPLICIT_RETAIN_SELF = YES;
				CLANG_WARN_OBJC_LITERAL_CONVERSION = YES;
				CLANG_WARN_OBJC_ROOT_CLASS = YES_ERROR;
				CLANG_WARN_RANGE_LOOP_ANALYSIS = YES;
				CLANG_WARN_STRICT_PROTOTYPES = YES;
				CLANG_WARN_SUSPICIOUS_MOVE = YES;
				CLANG_WARN_UNGUARDED_AVAILABILITY = YES_AGGRESSIVE;
				CLANG_WARN_UNREACHABLE_CODE = YES;
				CLANG_WARN__DUPLICATE_METHOD_MATCH = YES;
				CODE_SIGN_IDENTITY = "iPhone Developer";
				COPY_PHASE_STRIP = NO;
				DEBUG_INFORMATION_FORMAT = "dwarf-with-dsym";
				ENABLE_NS_ASSERTIONS = NO;
				ENABLE_STRICT_OBJC_MSGSEND = YES;
				GCC_C_LANGUAGE_STANDARD = gnu11;
				GCC_NO_COMMON_BLOCKS = YES;
				GCC_WARN_64_TO_32_BIT_CONVERSION = YES;
				GCC_WARN_ABOUT_RETURN_TYPE = YES_ERROR;
				GCC_WARN_UNDECLARED_SELECTOR = YES;
				GCC_WARN_UNINITIALIZED_AUTOS = YES_AGGRESSIVE;
				GCC_WARN_UNUSED_FUNCTION = YES;
				GCC_WARN_UNUSED_VARIABLE = YES;
				IPHONEOS_DEPLOYMENT_TARGET = 12.4;
				MTL_ENABLE_DEBUG_INFO = NO;
				MTL_FAST_MATH = YES;
				SDKROOT = iphoneos;
				SWIFT_COMPILATION_MODE = wholemodule;
				SWIFT_OPTIMIZATION_LEVEL = "-O";
				VALIDATE_PRODUCT = YES;
			};
			name = Release;
		};
		FF529F57240CD4AC000A9C35 /* Debug */ = {
			isa = XCBuildConfiguration;
			baseConfigurationReference = 8DDB9242444DAB1E6A261704 /* Pods-ClinTwin360.debug.xcconfig */;
			buildSettings = {
				ASSETCATALOG_COMPILER_APPICON_NAME = AppIcon;
				CODE_SIGN_STYLE = Automatic;
				INFOPLIST_FILE = ClinTwin360/Info.plist;
				IPHONEOS_DEPLOYMENT_TARGET = 11.0;
				LD_RUNPATH_SEARCH_PATHS = (
					"$(inherited)",
					"@executable_path/Frameworks",
				);
				PRODUCT_BUNDLE_IDENTIFIER = com.lbongartz.ClinTwin360;
				PRODUCT_NAME = "$(TARGET_NAME)";
				SWIFT_VERSION = 5.0;
				TARGETED_DEVICE_FAMILY = 1;
			};
			name = Debug;
		};
		FF529F58240CD4AC000A9C35 /* Release */ = {
			isa = XCBuildConfiguration;
			baseConfigurationReference = 174A4D8F9237B519304FA248 /* Pods-ClinTwin360.release.xcconfig */;
			buildSettings = {
				ASSETCATALOG_COMPILER_APPICON_NAME = AppIcon;
				CODE_SIGN_STYLE = Automatic;
				INFOPLIST_FILE = ClinTwin360/Info.plist;
				IPHONEOS_DEPLOYMENT_TARGET = 11.0;
				LD_RUNPATH_SEARCH_PATHS = (
					"$(inherited)",
					"@executable_path/Frameworks",
				);
				PRODUCT_BUNDLE_IDENTIFIER = com.lbongartz.ClinTwin360;
				PRODUCT_NAME = "$(TARGET_NAME)";
				SWIFT_VERSION = 5.0;
				TARGETED_DEVICE_FAMILY = 1;
			};
			name = Release;
		};
/* End XCBuildConfiguration section */

/* Begin XCConfigurationList section */
		FF529F3F240CD4A9000A9C35 /* Build configuration list for PBXProject "ClinTwin360" */ = {
			isa = XCConfigurationList;
			buildConfigurations = (
				FF529F54240CD4AC000A9C35 /* Debug */,
				FF529F55240CD4AC000A9C35 /* Release */,
			);
			defaultConfigurationIsVisible = 0;
			defaultConfigurationName = Release;
		};
		FF529F56240CD4AC000A9C35 /* Build configuration list for PBXNativeTarget "ClinTwin360" */ = {
			isa = XCConfigurationList;
			buildConfigurations = (
				FF529F57240CD4AC000A9C35 /* Debug */,
				FF529F58240CD4AC000A9C35 /* Release */,
			);
			defaultConfigurationIsVisible = 0;
			defaultConfigurationName = Release;
		};
/* End XCConfigurationList section */
	};
	rootObject = FF529F3C240CD4A9000A9C35 /* Project object */;
}
