// !$*UTF8*$!
{
	archiveVersion = 1;
	classes = {
	};
	objectVersion = 50;
	objects = {

/* Begin PBXBuildFile section */
		752EBF989F4BE0A402F91332 /* Pods_ClinTwin360.framework in Frameworks */ = {isa = PBXBuildFile; fileRef = 8A303310BEA7AE46604F8D75 /* Pods_ClinTwin360.framework */; };
		FF3D8462242167D70013E0E4 /* AHConfirmViewController.swift in Sources */ = {isa = PBXBuildFile; fileRef = FF3D8461242167D70013E0E4 /* AHConfirmViewController.swift */; };
		FF3D84642421699B0013E0E4 /* BasicInfoViewController.swift in Sources */ = {isa = PBXBuildFile; fileRef = FF3D84632421699B0013E0E4 /* BasicInfoViewController.swift */; };
		FF3D8467242172EF0013E0E4 /* HealthKitSetupAssistant.swift in Sources */ = {isa = PBXBuildFile; fileRef = FF3D8466242172EF0013E0E4 /* HealthKitSetupAssistant.swift */; };
		FF3D846A2421762D0013E0E4 /* HealthKit.framework in Frameworks */ = {isa = PBXBuildFile; fileRef = FF3D84692421762D0013E0E4 /* HealthKit.framework */; };
		FF3D846C242454B20013E0E4 /* HDConfirmViewController.swift in Sources */ = {isa = PBXBuildFile; fileRef = FF3D846B242454B20013E0E4 /* HDConfirmViewController.swift */; };
		FF3D846E2426CE950013E0E4 /* TrialsInfo.storyboard in Resources */ = {isa = PBXBuildFile; fileRef = FF3D846D2426CE950013E0E4 /* TrialsInfo.storyboard */; };
		FF3D84702426CEB70013E0E4 /* TrialIntroViewController.swift in Sources */ = {isa = PBXBuildFile; fileRef = FF3D846F2426CEB70013E0E4 /* TrialIntroViewController.swift */; };
		FF3D84732426D99F0013E0E4 /* MatchingTrialsListViewController.swift in Sources */ = {isa = PBXBuildFile; fileRef = FF3D84722426D99F0013E0E4 /* MatchingTrialsListViewController.swift */; };
		FF3D84752426DA0C0013E0E4 /* MatchingTrialCell.xib in Resources */ = {isa = PBXBuildFile; fileRef = FF3D84742426DA0C0013E0E4 /* MatchingTrialCell.xib */; };
		FF3D84772426DA700013E0E4 /* MatchingTrialCell.swift in Sources */ = {isa = PBXBuildFile; fileRef = FF3D84762426DA700013E0E4 /* MatchingTrialCell.swift */; };
		FF3D84792426DF820013E0E4 /* MatchedTrialInfoViewController.swift in Sources */ = {isa = PBXBuildFile; fileRef = FF3D84782426DF820013E0E4 /* MatchedTrialInfoViewController.swift */; };
		FF3D847B2426E0EC0013E0E4 /* TrialNextStepsViewController.swift in Sources */ = {isa = PBXBuildFile; fileRef = FF3D847A2426E0EC0013E0E4 /* TrialNextStepsViewController.swift */; };
		FF3D847D2426E7C20013E0E4 /* SurveyTask.swift in Sources */ = {isa = PBXBuildFile; fileRef = FF3D847C2426E7C20013E0E4 /* SurveyTask.swift */; };
		FF4C2BC4245147E50081F522 /* PushNotificationsRegistrationRequest.swift in Sources */ = {isa = PBXBuildFile; fileRef = FF4C2BC3245147E50081F522 /* PushNotificationsRegistrationRequest.swift */; };
		FF4C2BC62454F7B70081F522 /* ForgotPasswordRequest.swift in Sources */ = {isa = PBXBuildFile; fileRef = FF4C2BC52454F7B70081F522 /* ForgotPasswordRequest.swift */; };
		FF529F48240CD4AA000A9C35 /* AppDelegate.swift in Sources */ = {isa = PBXBuildFile; fileRef = FF529F47240CD4AA000A9C35 /* AppDelegate.swift */; };
		FF529F4A240CD4AA000A9C35 /* SignInViewController.swift in Sources */ = {isa = PBXBuildFile; fileRef = FF529F49240CD4AA000A9C35 /* SignInViewController.swift */; };
		FF529F4D240CD4AA000A9C35 /* Main.storyboard in Resources */ = {isa = PBXBuildFile; fileRef = FF529F4B240CD4AA000A9C35 /* Main.storyboard */; };
		FF529F4F240CD4AC000A9C35 /* Assets.xcassets in Resources */ = {isa = PBXBuildFile; fileRef = FF529F4E240CD4AC000A9C35 /* Assets.xcassets */; };
		FF529F52240CD4AC000A9C35 /* LaunchScreen.storyboard in Resources */ = {isa = PBXBuildFile; fileRef = FF529F50240CD4AC000A9C35 /* LaunchScreen.storyboard */; };
		FF5911DC2457DD21003C0CFD /* ParticipantDataResponse.swift in Sources */ = {isa = PBXBuildFile; fileRef = FF5911DB2457DD21003C0CFD /* ParticipantDataResponse.swift */; };
		FFBDC97824214F9D0056F552 /* LabeledTextFieldView.xib in Resources */ = {isa = PBXBuildFile; fileRef = FFBDC97724214F9D0056F552 /* LabeledTextFieldView.xib */; };
		FFBDC97A2421505D0056F552 /* LabeledTextFieldView.swift in Sources */ = {isa = PBXBuildFile; fileRef = FFBDC9792421505D0056F552 /* LabeledTextFieldView.swift */; };
		FFBDE188242163D000E81685 /* OnboardingViewController.swift in Sources */ = {isa = PBXBuildFile; fileRef = FFBDE187242163D000E81685 /* OnboardingViewController.swift */; };
		FFBDE18A2421659400E81685 /* CommonColors.swift in Sources */ = {isa = PBXBuildFile; fileRef = FFBDE1892421659400E81685 /* CommonColors.swift */; };
		FFEB3190243C3E7300BB0C72 /* BasicHealthViewModel.swift in Sources */ = {isa = PBXBuildFile; fileRef = FFEB318F243C3E7300BB0C72 /* BasicHealthViewModel.swift */; };
		FFEB3192243D49D200BB0C72 /* BasicHealthPickerObject.swift in Sources */ = {isa = PBXBuildFile; fileRef = FFEB3191243D49D200BB0C72 /* BasicHealthPickerObject.swift */; };
		FFEB3194243EB2F400BB0C72 /* GetMatchesResponse.swift in Sources */ = {isa = PBXBuildFile; fileRef = FFEB3193243EB2F400BB0C72 /* GetMatchesResponse.swift */; };
		FFEB31962446AAAD00BB0C72 /* TrialDetailsResponse.swift in Sources */ = {isa = PBXBuildFile; fileRef = FFEB31952446AAAD00BB0C72 /* TrialDetailsResponse.swift */; };
		FFEB31A22449567F00BB0C72 /* HealthKitDataFetcher.swift in Sources */ = {isa = PBXBuildFile; fileRef = FFEB31A12449567F00BB0C72 /* HealthKitDataFetcher.swift */; };
		FFFC6A66243053A60066D11A /* Keys.swift in Sources */ = {isa = PBXBuildFile; fileRef = FFFC6A65243053A60066D11A /* Keys.swift */; };
		FFFC6A68243054220066D11A /* ApiEndpoints.swift in Sources */ = {isa = PBXBuildFile; fileRef = FFFC6A67243054220066D11A /* ApiEndpoints.swift */; };
		FFFC6A6A243055BC0066D11A /* AccessTokenAdapter.swift in Sources */ = {isa = PBXBuildFile; fileRef = FFFC6A69243055BC0066D11A /* AccessTokenAdapter.swift */; };
		FFFC6A6E243056210066D11A /* NetworkManager.swift in Sources */ = {isa = PBXBuildFile; fileRef = FFFC6A6D243056210066D11A /* NetworkManager.swift */; };
		FFFC6A7124305F880066D11A /* GetQuestionsResponse.swift in Sources */ = {isa = PBXBuildFile; fileRef = FFFC6A7024305F880066D11A /* GetQuestionsResponse.swift */; };
		FFFC6A762430FFE70066D11A /* PostAnswersRequest.swift in Sources */ = {isa = PBXBuildFile; fileRef = FFFC6A752430FFE70066D11A /* PostAnswersRequest.swift */; };
		FFFC6A792431052B0066D11A /* UserSurvey.swift in Sources */ = {isa = PBXBuildFile; fileRef = FFFC6A782431052B0066D11A /* UserSurvey.swift */; };
		FFFC6A7B2431400F0066D11A /* PostAnswersResponse.swift in Sources */ = {isa = PBXBuildFile; fileRef = FFFC6A7A2431400F0066D11A /* PostAnswersResponse.swift */; };
		FFFC6A7D243452CF0066D11A /* GetMatchesRequest.swift in Sources */ = {isa = PBXBuildFile; fileRef = FFFC6A7C243452CF0066D11A /* GetMatchesRequest.swift */; };
		FFFC6A7F243453EF0066D11A /* GetTrialDetailsRequest.swift in Sources */ = {isa = PBXBuildFile; fileRef = FFFC6A7E243453EF0066D11A /* GetTrialDetailsRequest.swift */; };
		FFFC6A81243455020066D11A /* UIViewController+Extension.swift in Sources */ = {isa = PBXBuildFile; fileRef = FFFC6A80243455020066D11A /* UIViewController+Extension.swift */; };
		FFFC6A832436E9220066D11A /* RegisterUserRequest.swift in Sources */ = {isa = PBXBuildFile; fileRef = FFFC6A822436E9220066D11A /* RegisterUserRequest.swift */; };
		FFFC6A852436EB610066D11A /* LoginRequest.swift in Sources */ = {isa = PBXBuildFile; fileRef = FFFC6A842436EB610066D11A /* LoginRequest.swift */; };
		FFFC6A872436EB910066D11A /* LoginResponse.swift in Sources */ = {isa = PBXBuildFile; fileRef = FFFC6A862436EB910066D11A /* LoginResponse.swift */; };
		FFFC6A892436EC8D0066D11A /* KeychainWrapper.swift in Sources */ = {isa = PBXBuildFile; fileRef = FFFC6A882436EC8D0066D11A /* KeychainWrapper.swift */; };
		FFFC6A8C2436ED340066D11A /* KeychainOptions.swift in Sources */ = {isa = PBXBuildFile; fileRef = FFFC6A8B2436ED340066D11A /* KeychainOptions.swift */; };
		FFFC6A8E2436F02E0066D11A /* RegisterUserResponse.swift in Sources */ = {isa = PBXBuildFile; fileRef = FFFC6A8D2436F02E0066D11A /* RegisterUserResponse.swift */; };
		FFFC6A902436F67B0066D11A /* LoadingView.swift in Sources */ = {isa = PBXBuildFile; fileRef = FFFC6A8F2436F67B0066D11A /* LoadingView.swift */; };
		FFFC6A92243C38C00066D11A /* PostBasicHealthRequest.swift in Sources */ = {isa = PBXBuildFile; fileRef = FFFC6A91243C38C00066D11A /* PostBasicHealthRequest.swift */; };
/* End PBXBuildFile section */

/* Begin PBXFileReference section */
		174A4D8F9237B519304FA248 /* Pods-ClinTwin360.release.xcconfig */ = {isa = PBXFileReference; includeInIndex = 1; lastKnownFileType = text.xcconfig; name = "Pods-ClinTwin360.release.xcconfig"; path = "Target Support Files/Pods-ClinTwin360/Pods-ClinTwin360.release.xcconfig"; sourceTree = "<group>"; };
		8A303310BEA7AE46604F8D75 /* Pods_ClinTwin360.framework */ = {isa = PBXFileReference; explicitFileType = wrapper.framework; includeInIndex = 0; path = Pods_ClinTwin360.framework; sourceTree = BUILT_PRODUCTS_DIR; };
		8DDB9242444DAB1E6A261704 /* Pods-ClinTwin360.debug.xcconfig */ = {isa = PBXFileReference; includeInIndex = 1; lastKnownFileType = text.xcconfig; name = "Pods-ClinTwin360.debug.xcconfig"; path = "Target Support Files/Pods-ClinTwin360/Pods-ClinTwin360.debug.xcconfig"; sourceTree = "<group>"; };
		FF3D8461242167D70013E0E4 /* AHConfirmViewController.swift */ = {isa = PBXFileReference; lastKnownFileType = sourcecode.swift; path = AHConfirmViewController.swift; sourceTree = "<group>"; };
		FF3D84632421699B0013E0E4 /* BasicInfoViewController.swift */ = {isa = PBXFileReference; lastKnownFileType = sourcecode.swift; path = BasicInfoViewController.swift; sourceTree = "<group>"; };
		FF3D8466242172EF0013E0E4 /* HealthKitSetupAssistant.swift */ = {isa = PBXFileReference; lastKnownFileType = sourcecode.swift; path = HealthKitSetupAssistant.swift; sourceTree = "<group>"; };
		FF3D84682421762D0013E0E4 /* ClinTwin360.entitlements */ = {isa = PBXFileReference; lastKnownFileType = text.plist.entitlements; path = ClinTwin360.entitlements; sourceTree = "<group>"; };
		FF3D84692421762D0013E0E4 /* HealthKit.framework */ = {isa = PBXFileReference; lastKnownFileType = wrapper.framework; name = HealthKit.framework; path = System/Library/Frameworks/HealthKit.framework; sourceTree = SDKROOT; };
		FF3D846B242454B20013E0E4 /* HDConfirmViewController.swift */ = {isa = PBXFileReference; lastKnownFileType = sourcecode.swift; path = HDConfirmViewController.swift; sourceTree = "<group>"; };
		FF3D846D2426CE950013E0E4 /* TrialsInfo.storyboard */ = {isa = PBXFileReference; lastKnownFileType = file.storyboard; path = TrialsInfo.storyboard; sourceTree = "<group>"; };
		FF3D846F2426CEB70013E0E4 /* TrialIntroViewController.swift */ = {isa = PBXFileReference; lastKnownFileType = sourcecode.swift; path = TrialIntroViewController.swift; sourceTree = "<group>"; };
		FF3D84722426D99F0013E0E4 /* MatchingTrialsListViewController.swift */ = {isa = PBXFileReference; lastKnownFileType = sourcecode.swift; path = MatchingTrialsListViewController.swift; sourceTree = "<group>"; };
		FF3D84742426DA0C0013E0E4 /* MatchingTrialCell.xib */ = {isa = PBXFileReference; lastKnownFileType = file.xib; path = MatchingTrialCell.xib; sourceTree = "<group>"; };
		FF3D84762426DA700013E0E4 /* MatchingTrialCell.swift */ = {isa = PBXFileReference; lastKnownFileType = sourcecode.swift; path = MatchingTrialCell.swift; sourceTree = "<group>"; };
		FF3D84782426DF820013E0E4 /* MatchedTrialInfoViewController.swift */ = {isa = PBXFileReference; lastKnownFileType = sourcecode.swift; path = MatchedTrialInfoViewController.swift; sourceTree = "<group>"; };
		FF3D847A2426E0EC0013E0E4 /* TrialNextStepsViewController.swift */ = {isa = PBXFileReference; lastKnownFileType = sourcecode.swift; path = TrialNextStepsViewController.swift; sourceTree = "<group>"; };
		FF3D847C2426E7C20013E0E4 /* SurveyTask.swift */ = {isa = PBXFileReference; fileEncoding = 4; lastKnownFileType = sourcecode.swift; path = SurveyTask.swift; sourceTree = "<group>"; };
		FF4C2BC3245147E50081F522 /* PushNotificationsRegistrationRequest.swift */ = {isa = PBXFileReference; lastKnownFileType = sourcecode.swift; path = PushNotificationsRegistrationRequest.swift; sourceTree = "<group>"; };
		FF4C2BC52454F7B70081F522 /* ForgotPasswordRequest.swift */ = {isa = PBXFileReference; lastKnownFileType = sourcecode.swift; path = ForgotPasswordRequest.swift; sourceTree = "<group>"; };
		FF529F44240CD4AA000A9C35 /* ClinTwin360.app */ = {isa = PBXFileReference; explicitFileType = wrapper.application; includeInIndex = 0; path = ClinTwin360.app; sourceTree = BUILT_PRODUCTS_DIR; };
		FF529F47240CD4AA000A9C35 /* AppDelegate.swift */ = {isa = PBXFileReference; lastKnownFileType = sourcecode.swift; path = AppDelegate.swift; sourceTree = "<group>"; };
		FF529F49240CD4AA000A9C35 /* SignInViewController.swift */ = {isa = PBXFileReference; lastKnownFileType = sourcecode.swift; path = SignInViewController.swift; sourceTree = "<group>"; };
		FF529F4C240CD4AA000A9C35 /* Base */ = {isa = PBXFileReference; lastKnownFileType = file.storyboard; name = Base; path = Base.lproj/Main.storyboard; sourceTree = "<group>"; };
		FF529F4E240CD4AC000A9C35 /* Assets.xcassets */ = {isa = PBXFileReference; lastKnownFileType = folder.assetcatalog; path = Assets.xcassets; sourceTree = "<group>"; };
		FF529F51240CD4AC000A9C35 /* Base */ = {isa = PBXFileReference; lastKnownFileType = file.storyboard; name = Base; path = Base.lproj/LaunchScreen.storyboard; sourceTree = "<group>"; };
		FF529F53240CD4AC000A9C35 /* Info.plist */ = {isa = PBXFileReference; lastKnownFileType = text.plist.xml; path = Info.plist; sourceTree = "<group>"; };
		FF5911DB2457DD21003C0CFD /* ParticipantDataResponse.swift */ = {isa = PBXFileReference; lastKnownFileType = sourcecode.swift; path = ParticipantDataResponse.swift; sourceTree = "<group>"; };
		FFBDC97724214F9D0056F552 /* LabeledTextFieldView.xib */ = {isa = PBXFileReference; lastKnownFileType = file.xib; path = LabeledTextFieldView.xib; sourceTree = "<group>"; };
		FFBDC9792421505D0056F552 /* LabeledTextFieldView.swift */ = {isa = PBXFileReference; lastKnownFileType = sourcecode.swift; path = LabeledTextFieldView.swift; sourceTree = "<group>"; };
		FFBDE187242163D000E81685 /* OnboardingViewController.swift */ = {isa = PBXFileReference; lastKnownFileType = sourcecode.swift; path = OnboardingViewController.swift; sourceTree = "<group>"; };
		FFBDE1892421659400E81685 /* CommonColors.swift */ = {isa = PBXFileReference; lastKnownFileType = sourcecode.swift; path = CommonColors.swift; sourceTree = "<group>"; };
		FFEB318F243C3E7300BB0C72 /* BasicHealthViewModel.swift */ = {isa = PBXFileReference; lastKnownFileType = sourcecode.swift; path = BasicHealthViewModel.swift; sourceTree = "<group>"; };
		FFEB3191243D49D200BB0C72 /* BasicHealthPickerObject.swift */ = {isa = PBXFileReference; lastKnownFileType = sourcecode.swift; path = BasicHealthPickerObject.swift; sourceTree = "<group>"; };
		FFEB3193243EB2F400BB0C72 /* GetMatchesResponse.swift */ = {isa = PBXFileReference; lastKnownFileType = sourcecode.swift; path = GetMatchesResponse.swift; sourceTree = "<group>"; };
		FFEB31952446AAAD00BB0C72 /* TrialDetailsResponse.swift */ = {isa = PBXFileReference; lastKnownFileType = sourcecode.swift; path = TrialDetailsResponse.swift; sourceTree = "<group>"; };
		FFEB31A12449567F00BB0C72 /* HealthKitDataFetcher.swift */ = {isa = PBXFileReference; fileEncoding = 4; lastKnownFileType = sourcecode.swift; path = HealthKitDataFetcher.swift; sourceTree = "<group>"; };
		FFFC6A65243053A60066D11A /* Keys.swift */ = {isa = PBXFileReference; lastKnownFileType = sourcecode.swift; path = Keys.swift; sourceTree = "<group>"; };
		FFFC6A67243054220066D11A /* ApiEndpoints.swift */ = {isa = PBXFileReference; lastKnownFileType = sourcecode.swift; path = ApiEndpoints.swift; sourceTree = "<group>"; };
		FFFC6A69243055BC0066D11A /* AccessTokenAdapter.swift */ = {isa = PBXFileReference; lastKnownFileType = sourcecode.swift; path = AccessTokenAdapter.swift; sourceTree = "<group>"; };
		FFFC6A6D243056210066D11A /* NetworkManager.swift */ = {isa = PBXFileReference; lastKnownFileType = sourcecode.swift; path = NetworkManager.swift; sourceTree = "<group>"; };
		FFFC6A7024305F880066D11A /* GetQuestionsResponse.swift */ = {isa = PBXFileReference; lastKnownFileType = sourcecode.swift; path = GetQuestionsResponse.swift; sourceTree = "<group>"; };
		FFFC6A752430FFE70066D11A /* PostAnswersRequest.swift */ = {isa = PBXFileReference; lastKnownFileType = sourcecode.swift; path = PostAnswersRequest.swift; sourceTree = "<group>"; };
		FFFC6A782431052B0066D11A /* UserSurvey.swift */ = {isa = PBXFileReference; lastKnownFileType = sourcecode.swift; path = UserSurvey.swift; sourceTree = "<group>"; };
		FFFC6A7A2431400F0066D11A /* PostAnswersResponse.swift */ = {isa = PBXFileReference; lastKnownFileType = sourcecode.swift; path = PostAnswersResponse.swift; sourceTree = "<group>"; };
		FFFC6A7C243452CF0066D11A /* GetMatchesRequest.swift */ = {isa = PBXFileReference; lastKnownFileType = sourcecode.swift; path = GetMatchesRequest.swift; sourceTree = "<group>"; };
		FFFC6A7E243453EF0066D11A /* GetTrialDetailsRequest.swift */ = {isa = PBXFileReference; lastKnownFileType = sourcecode.swift; path = GetTrialDetailsRequest.swift; sourceTree = "<group>"; };
		FFFC6A80243455020066D11A /* UIViewController+Extension.swift */ = {isa = PBXFileReference; lastKnownFileType = sourcecode.swift; path = "UIViewController+Extension.swift"; sourceTree = "<group>"; };
		FFFC6A822436E9220066D11A /* RegisterUserRequest.swift */ = {isa = PBXFileReference; lastKnownFileType = sourcecode.swift; path = RegisterUserRequest.swift; sourceTree = "<group>"; };
		FFFC6A842436EB610066D11A /* LoginRequest.swift */ = {isa = PBXFileReference; lastKnownFileType = sourcecode.swift; path = LoginRequest.swift; sourceTree = "<group>"; };
		FFFC6A862436EB910066D11A /* LoginResponse.swift */ = {isa = PBXFileReference; lastKnownFileType = sourcecode.swift; path = LoginResponse.swift; sourceTree = "<group>"; };
		FFFC6A882436EC8D0066D11A /* KeychainWrapper.swift */ = {isa = PBXFileReference; lastKnownFileType = sourcecode.swift; path = KeychainWrapper.swift; sourceTree = "<group>"; };
		FFFC6A8B2436ED340066D11A /* KeychainOptions.swift */ = {isa = PBXFileReference; lastKnownFileType = sourcecode.swift; path = KeychainOptions.swift; sourceTree = "<group>"; };
		FFFC6A8D2436F02E0066D11A /* RegisterUserResponse.swift */ = {isa = PBXFileReference; lastKnownFileType = sourcecode.swift; path = RegisterUserResponse.swift; sourceTree = "<group>"; };
		FFFC6A8F2436F67B0066D11A /* LoadingView.swift */ = {isa = PBXFileReference; lastKnownFileType = sourcecode.swift; path = LoadingView.swift; sourceTree = "<group>"; };
		FFFC6A91243C38C00066D11A /* PostBasicHealthRequest.swift */ = {isa = PBXFileReference; lastKnownFileType = sourcecode.swift; path = PostBasicHealthRequest.swift; sourceTree = "<group>"; };
/* End PBXFileReference section */

/* Begin PBXFrameworksBuildPhase section */
		FF529F41240CD4A9000A9C35 /* Frameworks */ = {
			isa = PBXFrameworksBuildPhase;
			buildActionMask = 2147483647;
			files = (
				752EBF989F4BE0A402F91332 /* Pods_ClinTwin360.framework in Frameworks */,
				FF3D846A2421762D0013E0E4 /* HealthKit.framework in Frameworks */,
			);
			runOnlyForDeploymentPostprocessing = 0;
		};
/* End PBXFrameworksBuildPhase section */

/* Begin PBXGroup section */
		BF5C543B8754848350049D05 /* Frameworks */ = {
			isa = PBXGroup;
			children = (
				FF3D84692421762D0013E0E4 /* HealthKit.framework */,
				8A303310BEA7AE46604F8D75 /* Pods_ClinTwin360.framework */,
			);
			name = Frameworks;
			sourceTree = "<group>";
		};
		C015432FA3E54999C130288C /* Pods */ = {
			isa = PBXGroup;
			children = (
				8DDB9242444DAB1E6A261704 /* Pods-ClinTwin360.debug.xcconfig */,
				174A4D8F9237B519304FA248 /* Pods-ClinTwin360.release.xcconfig */,
			);
			path = Pods;
			sourceTree = "<group>";
		};
		FF3D8465242172CB0013E0E4 /* Model */ = {
			isa = PBXGroup;
			children = (
				FFEB31A12449567F00BB0C72 /* HealthKitDataFetcher.swift */,
				FF3D8466242172EF0013E0E4 /* HealthKitSetupAssistant.swift */,
				FF3D847C2426E7C20013E0E4 /* SurveyTask.swift */,
				FFEB3191243D49D200BB0C72 /* BasicHealthPickerObject.swift */,
				FFFC6A72243062280066D11A /* Networking */,
				FFFC6A8A2436ECEC0066D11A /* Keychain */,
			);
			path = Model;
			sourceTree = "<group>";
		};
		FF3D84712426D97B0013E0E4 /* TableViewCells */ = {
			isa = PBXGroup;
			children = (
				FF3D84742426DA0C0013E0E4 /* MatchingTrialCell.xib */,
				FF3D84762426DA700013E0E4 /* MatchingTrialCell.swift */,
			);
			path = TableViewCells;
			sourceTree = "<group>";
		};
		FF529F3B240CD4A9000A9C35 = {
			isa = PBXGroup;
			children = (
				FF529F46240CD4AA000A9C35 /* ClinTwin360 */,
				FF529F45240CD4AA000A9C35 /* Products */,
				C015432FA3E54999C130288C /* Pods */,
				BF5C543B8754848350049D05 /* Frameworks */,
			);
			sourceTree = "<group>";
		};
		FF529F45240CD4AA000A9C35 /* Products */ = {
			isa = PBXGroup;
			children = (
				FF529F44240CD4AA000A9C35 /* ClinTwin360.app */,
			);
			name = Products;
			sourceTree = "<group>";
		};
		FF529F46240CD4AA000A9C35 /* ClinTwin360 */ = {
			isa = PBXGroup;
			children = (
				FF3D84682421762D0013E0E4 /* ClinTwin360.entitlements */,
				FF3D8465242172CB0013E0E4 /* Model */,
				FFBDC97624214F830056F552 /* View */,
				FFFC6A77243105140066D11A /* View Model */,
				FFBDE1862421639C00E81685 /* View Controller */,
				FF529F47240CD4AA000A9C35 /* AppDelegate.swift */,
				FF529F50240CD4AC000A9C35 /* LaunchScreen.storyboard */,
				FF529F53240CD4AC000A9C35 /* Info.plist */,
			);
			path = ClinTwin360;
			sourceTree = "<group>";
		};
		FFBDC97624214F830056F552 /* View */ = {
			isa = PBXGroup;
			children = (
				FF3D84712426D97B0013E0E4 /* TableViewCells */,
				FF529F4B240CD4AA000A9C35 /* Main.storyboard */,
				FF3D846D2426CE950013E0E4 /* TrialsInfo.storyboard */,
				FF529F4E240CD4AC000A9C35 /* Assets.xcassets */,
				FFBDE1892421659400E81685 /* CommonColors.swift */,
				FFBDC97724214F9D0056F552 /* LabeledTextFieldView.xib */,
				FFBDC9792421505D0056F552 /* LabeledTextFieldView.swift */,
				FFFC6A8F2436F67B0066D11A /* LoadingView.swift */,
			);
			path = View;
			sourceTree = "<group>";
		};
		FFBDE1862421639C00E81685 /* View Controller */ = {
			isa = PBXGroup;
			children = (
				FF529F49240CD4AA000A9C35 /* SignInViewController.swift */,
				FFBDE187242163D000E81685 /* OnboardingViewController.swift */,
				FF3D8461242167D70013E0E4 /* AHConfirmViewController.swift */,
				FF3D84632421699B0013E0E4 /* BasicInfoViewController.swift */,
				FF3D846B242454B20013E0E4 /* HDConfirmViewController.swift */,
				FF3D846F2426CEB70013E0E4 /* TrialIntroViewController.swift */,
				FF3D84722426D99F0013E0E4 /* MatchingTrialsListViewController.swift */,
				FF3D84782426DF820013E0E4 /* MatchedTrialInfoViewController.swift */,
				FF3D847A2426E0EC0013E0E4 /* TrialNextStepsViewController.swift */,
				FFFC6A80243455020066D11A /* UIViewController+Extension.swift */,
			);
			path = "View Controller";
			sourceTree = "<group>";
		};
		FFFC6A6F24305F5B0066D11A /* ApiModels */ = {
			isa = PBXGroup;
			children = (
				FFFC6A732430FF9B0066D11A /* Requests */,
				FFFC6A742430FFAB0066D11A /* Responses */,
			);
			path = ApiModels;
			sourceTree = "<group>";
		};
		FFFC6A72243062280066D11A /* Networking */ = {
			isa = PBXGroup;
			children = (
				FFFC6A6F24305F5B0066D11A /* ApiModels */,
				FFFC6A65243053A60066D11A /* Keys.swift */,
				FFFC6A67243054220066D11A /* ApiEndpoints.swift */,
				FFFC6A69243055BC0066D11A /* AccessTokenAdapter.swift */,
				FFFC6A6D243056210066D11A /* NetworkManager.swift */,
			);
			path = Networking;
			sourceTree = "<group>";
		};
		FFFC6A732430FF9B0066D11A /* Requests */ = {
			isa = PBXGroup;
			children = (
				FFFC6A822436E9220066D11A /* RegisterUserRequest.swift */,
				FFFC6A842436EB610066D11A /* LoginRequest.swift */,
				FFFC6A91243C38C00066D11A /* PostBasicHealthRequest.swift */,
				FFFC6A752430FFE70066D11A /* PostAnswersRequest.swift */,
				FFFC6A7C243452CF0066D11A /* GetMatchesRequest.swift */,
				FFFC6A7E243453EF0066D11A /* GetTrialDetailsRequest.swift */,
				FF4C2BC3245147E50081F522 /* PushNotificationsRegistrationRequest.swift */,
				FF4C2BC52454F7B70081F522 /* ForgotPasswordRequest.swift */,
			);
			path = Requests;
			sourceTree = "<group>";
		};
		FFFC6A742430FFAB0066D11A /* Responses */ = {
			isa = PBXGroup;
			children = (
				FFFC6A862436EB910066D11A /* LoginResponse.swift */,
				FF5911DB2457DD21003C0CFD /* ParticipantDataResponse.swift */,
				FFFC6A7024305F880066D11A /* GetQuestionsResponse.swift */,
				FFFC6A7A2431400F0066D11A /* PostAnswersResponse.swift */,
				FFEB3193243EB2F400BB0C72 /* GetMatchesResponse.swift */,
				FFFC6A8D2436F02E0066D11A /* RegisterUserResponse.swift */,
				FFEB31952446AAAD00BB0C72 /* TrialDetailsResponse.swift */,
			);
			path = Responses;
			sourceTree = "<group>";
		};
		FFFC6A77243105140066D11A /* View Model */ = {
			isa = PBXGroup;
			children = (
				FFFC6A782431052B0066D11A /* UserSurvey.swift */,
				FFEB318F243C3E7300BB0C72 /* BasicHealthViewModel.swift */,
			);
			path = "View Model";
			sourceTree = "<group>";
		};
		FFFC6A8A2436ECEC0066D11A /* Keychain */ = {
			isa = PBXGroup;
			children = (
				FFFC6A882436EC8D0066D11A /* KeychainWrapper.swift */,
				FFFC6A8B2436ED340066D11A /* KeychainOptions.swift */,
			);
			path = Keychain;
			sourceTree = "<group>";
		};
/* End PBXGroup section */

/* Begin PBXNativeTarget section */
		FF529F43240CD4A9000A9C35 /* ClinTwin360 */ = {
			isa = PBXNativeTarget;
			buildConfigurationList = FF529F56240CD4AC000A9C35 /* Build configuration list for PBXNativeTarget "ClinTwin360" */;
			buildPhases = (
				C8538F810DEEDABA8343C3C6 /* [CP] Check Pods Manifest.lock */,
				FF529F40240CD4A9000A9C35 /* Sources */,
				FF529F41240CD4A9000A9C35 /* Frameworks */,
				FF529F42240CD4A9000A9C35 /* Resources */,
				816D348A056F99B502690B86 /* [CP] Embed Pods Frameworks */,
			);
			buildRules = (
			);
			dependencies = (
			);
			name = ClinTwin360;
			productName = ClinTwin360;
			productReference = FF529F44240CD4AA000A9C35 /* ClinTwin360.app */;
			productType = "com.apple.product-type.application";
		};
/* End PBXNativeTarget section */

/* Begin PBXProject section */
		FF529F3C240CD4A9000A9C35 /* Project object */ = {
			isa = PBXProject;
			attributes = {
				LastSwiftUpdateCheck = 1030;
				LastUpgradeCheck = 1030;
				ORGANIZATIONNAME = "Lauren Bongartz";
				TargetAttributes = {
					FF529F43240CD4A9000A9C35 = {
						CreatedOnToolsVersion = 10.3;
					};
				};
			};
			buildConfigurationList = FF529F3F240CD4A9000A9C35 /* Build configuration list for PBXProject "ClinTwin360" */;
			compatibilityVersion = "Xcode 9.3";
			developmentRegion = en;
			hasScannedForEncodings = 0;
			knownRegions = (
				en,
				Base,
			);
			mainGroup = FF529F3B240CD4A9000A9C35;
			productRefGroup = FF529F45240CD4AA000A9C35 /* Products */;
			projectDirPath = "";
			projectRoot = "";
			targets = (
				FF529F43240CD4A9000A9C35 /* ClinTwin360 */,
			);
		};
/* End PBXProject section */

/* Begin PBXResourcesBuildPhase section */
		FF529F42240CD4A9000A9C35 /* Resources */ = {
			isa = PBXResourcesBuildPhase;
			buildActionMask = 2147483647;
			files = (
				FF529F52240CD4AC000A9C35 /* LaunchScreen.storyboard in Resources */,
				FF529F4F240CD4AC000A9C35 /* Assets.xcassets in Resources */,
				FFBDC97824214F9D0056F552 /* LabeledTextFieldView.xib in Resources */,
				FF3D846E2426CE950013E0E4 /* TrialsInfo.storyboard in Resources */,
				FF529F4D240CD4AA000A9C35 /* Main.storyboard in Resources */,
				FF3D84752426DA0C0013E0E4 /* MatchingTrialCell.xib in Resources */,
			);
			runOnlyForDeploymentPostprocessing = 0;
		};
/* End PBXResourcesBuildPhase section */

/* Begin PBXShellScriptBuildPhase section */
		816D348A056F99B502690B86 /* [CP] Embed Pods Frameworks */ = {
			isa = PBXShellScriptBuildPhase;
			buildActionMask = 2147483647;
			files = (
			);
			inputFileListPaths = (
			);
			inputPaths = (
				"${PODS_ROOT}/Target Support Files/Pods-ClinTwin360/Pods-ClinTwin360-frameworks.sh",
				"${BUILT_PRODUCTS_DIR}/Alamofire/Alamofire.framework",
				"${BUILT_PRODUCTS_DIR}/ResearchKit/ResearchKit.framework",
			);
			name = "[CP] Embed Pods Frameworks";
			outputFileListPaths = (
			);
			outputPaths = (
				"${TARGET_BUILD_DIR}/${FRAMEWORKS_FOLDER_PATH}/Alamofire.framework",
				"${TARGET_BUILD_DIR}/${FRAMEWORKS_FOLDER_PATH}/ResearchKit.framework",
			);
			runOnlyForDeploymentPostprocessing = 0;
			shellPath = /bin/sh;
			shellScript = "\"${PODS_ROOT}/Target Support Files/Pods-ClinTwin360/Pods-ClinTwin360-frameworks.sh\"\n";
			showEnvVarsInLog = 0;
		};
		C8538F810DEEDABA8343C3C6 /* [CP] Check Pods Manifest.lock */ = {
			isa = PBXShellScriptBuildPhase;
			buildActionMask = 2147483647;
			files = (
			);
			inputFileListPaths = (
			);
			inputPaths = (
				"${PODS_PODFILE_DIR_PATH}/Podfile.lock",
				"${PODS_ROOT}/Manifest.lock",
			);
			name = "[CP] Check Pods Manifest.lock";
			outputFileListPaths = (
			);
			outputPaths = (
				"$(DERIVED_FILE_DIR)/Pods-ClinTwin360-checkManifestLockResult.txt",
			);
			runOnlyForDeploymentPostprocessing = 0;
			shellPath = /bin/sh;
			shellScript = "diff \"${PODS_PODFILE_DIR_PATH}/Podfile.lock\" \"${PODS_ROOT}/Manifest.lock\" > /dev/null\nif [ $? != 0 ] ; then\n    # print error to STDERR\n    echo \"error: The sandbox is not in sync with the Podfile.lock. Run 'pod install' or update your CocoaPods installation.\" >&2\n    exit 1\nfi\n# This output is used by Xcode 'outputs' to avoid re-running this script phase.\necho \"SUCCESS\" > \"${SCRIPT_OUTPUT_FILE_0}\"\n";
			showEnvVarsInLog = 0;
		};
/* End PBXShellScriptBuildPhase section */

/* Begin PBXSourcesBuildPhase section */
		FF529F40240CD4A9000A9C35 /* Sources */ = {
			isa = PBXSourcesBuildPhase;
			buildActionMask = 2147483647;
			files = (
				FFFC6A6E243056210066D11A /* NetworkManager.swift in Sources */,
				FF3D847B2426E0EC0013E0E4 /* TrialNextStepsViewController.swift in Sources */,
				FFFC6A8C2436ED340066D11A /* KeychainOptions.swift in Sources */,
				FF4C2BC4245147E50081F522 /* PushNotificationsRegistrationRequest.swift in Sources */,
				FFFC6A66243053A60066D11A /* Keys.swift in Sources */,
				FF529F4A240CD4AA000A9C35 /* SignInViewController.swift in Sources */,
				FF3D847D2426E7C20013E0E4 /* SurveyTask.swift in Sources */,
				FFFC6A92243C38C00066D11A /* PostBasicHealthRequest.swift in Sources */,
				FFEB3194243EB2F400BB0C72 /* GetMatchesResponse.swift in Sources */,
				FF3D84792426DF820013E0E4 /* MatchedTrialInfoViewController.swift in Sources */,
				FFEB31A22449567F00BB0C72 /* HealthKitDataFetcher.swift in Sources */,
				FFFC6A832436E9220066D11A /* RegisterUserRequest.swift in Sources */,
				FFFC6A8E2436F02E0066D11A /* RegisterUserResponse.swift in Sources */,
				FFFC6A872436EB910066D11A /* LoginResponse.swift in Sources */,
				FFFC6A68243054220066D11A /* ApiEndpoints.swift in Sources */,
				FFFC6A892436EC8D0066D11A /* KeychainWrapper.swift in Sources */,
				FFEB3192243D49D200BB0C72 /* BasicHealthPickerObject.swift in Sources */,
				FFFC6A7124305F880066D11A /* GetQuestionsResponse.swift in Sources */,
				FFEB31962446AAAD00BB0C72 /* TrialDetailsResponse.swift in Sources */,
				FFFC6A7D243452CF0066D11A /* GetMatchesRequest.swift in Sources */,
				FF5911DC2457DD21003C0CFD /* ParticipantDataResponse.swift in Sources */,
				FFFC6A902436F67B0066D11A /* LoadingView.swift in Sources */,
				FF3D8467242172EF0013E0E4 /* HealthKitSetupAssistant.swift in Sources */,
				FFFC6A7F243453EF0066D11A /* GetTrialDetailsRequest.swift in Sources */,
				FF3D846C242454B20013E0E4 /* HDConfirmViewController.swift in Sources */,
				FFFC6A792431052B0066D11A /* UserSurvey.swift in Sources */,
				FFFC6A762430FFE70066D11A /* PostAnswersRequest.swift in Sources */,
				FFFC6A81243455020066D11A /* UIViewController+Extension.swift in Sources */,
				FFBDC97A2421505D0056F552 /* LabeledTextFieldView.swift in Sources */,
				FF529F48240CD4AA000A9C35 /* AppDelegate.swift in Sources */,
				FF3D84732426D99F0013E0E4 /* MatchingTrialsListViewController.swift in Sources */,
				FFFC6A852436EB610066D11A /* LoginRequest.swift in Sources */,
				FFBDE188242163D000E81685 /* OnboardingViewController.swift in Sources */,
				FFFC6A7B2431400F0066D11A /* PostAnswersResponse.swift in Sources */,
				FF3D84702426CEB70013E0E4 /* TrialIntroViewController.swift in Sources */,
				FF4C2BC62454F7B70081F522 /* ForgotPasswordRequest.swift in Sources */,
				FFEB3190243C3E7300BB0C72 /* BasicHealthViewModel.swift in Sources */,
				FF3D8462242167D70013E0E4 /* AHConfirmViewController.swift in Sources */,
				FF3D84772426DA700013E0E4 /* MatchingTrialCell.swift in Sources */,
				FFFC6A6A243055BC0066D11A /* AccessTokenAdapter.swift in Sources */,
				FF3D84642421699B0013E0E4 /* BasicInfoViewController.swift in Sources */,
				FFBDE18A2421659400E81685 /* CommonColors.swift in Sources */,
			);
			runOnlyForDeploymentPostprocessing = 0;
		};
/* End PBXSourcesBuildPhase section */

/* Begin PBXVariantGroup section */
		FF529F4B240CD4AA000A9C35 /* Main.storyboard */ = {
			isa = PBXVariantGroup;
			children = (
				FF529F4C240CD4AA000A9C35 /* Base */,
			);
			name = Main.storyboard;
			sourceTree = "<group>";
		};
		FF529F50240CD4AC000A9C35 /* LaunchScreen.storyboard */ = {
			isa = PBXVariantGroup;
			children = (
				FF529F51240CD4AC000A9C35 /* Base */,
			);
			name = LaunchScreen.storyboard;
			sourceTree = "<group>";
		};
/* End PBXVariantGroup section */

/* Begin XCBuildConfiguration section */
		FF529F54240CD4AC000A9C35 /* Debug */ = {
			isa = XCBuildConfiguration;
			buildSettings = {
				ALWAYS_SEARCH_USER_PATHS = NO;
				CLANG_ANALYZER_NONNULL = YES;
				CLANG_ANALYZER_NUMBER_OBJECT_CONVERSION = YES_AGGRESSIVE;
				CLANG_CXX_LANGUAGE_STANDARD = "gnu++14";
				CLANG_CXX_LIBRARY = "libc++";
				CLANG_ENABLE_MODULES = YES;
				CLANG_ENABLE_OBJC_ARC = YES;
				CLANG_ENABLE_OBJC_WEAK = YES;
				CLANG_WARN_BLOCK_CAPTURE_AUTORELEASING = YES;
				CLANG_WARN_BOOL_CONVERSION = YES;
				CLANG_WARN_COMMA = YES;
				CLANG_WARN_CONSTANT_CONVERSION = YES;
				CLANG_WARN_DEPRECATED_OBJC_IMPLEMENTATIONS = YES;
				CLANG_WARN_DIRECT_OBJC_ISA_USAGE = YES_ERROR;
				CLANG_WARN_DOCUMENTATION_COMMENTS = YES;
				CLANG_WARN_EMPTY_BODY = YES;
				CLANG_WARN_ENUM_CONVERSION = YES;
				CLANG_WARN_INFINITE_RECURSION = YES;
				CLANG_WARN_INT_CONVERSION = YES;
				CLANG_WARN_NON_LITERAL_NULL_CONVERSION = YES;
				CLANG_WARN_OBJC_IMPLICIT_RETAIN_SELF = YES;
				CLANG_WARN_OBJC_LITERAL_CONVERSION = YES;
				CLANG_WARN_OBJC_ROOT_CLASS = YES_ERROR;
				CLANG_WARN_RANGE_LOOP_ANALYSIS = YES;
				CLANG_WARN_STRICT_PROTOTYPES = YES;
				CLANG_WARN_SUSPICIOUS_MOVE = YES;
				CLANG_WARN_UNGUARDED_AVAILABILITY = YES_AGGRESSIVE;
				CLANG_WARN_UNREACHABLE_CODE = YES;
				CLANG_WARN__DUPLICATE_METHOD_MATCH = YES;
				CODE_SIGN_IDENTITY = "iPhone Developer";
				COPY_PHASE_STRIP = NO;
				DEBUG_INFORMATION_FORMAT = dwarf;
				ENABLE_STRICT_OBJC_MSGSEND = YES;
				ENABLE_TESTABILITY = YES;
				GCC_C_LANGUAGE_STANDARD = gnu11;
				GCC_DYNAMIC_NO_PIC = NO;
				GCC_NO_COMMON_BLOCKS = YES;
				GCC_OPTIMIZATION_LEVEL = 0;
				GCC_PREPROCESSOR_DEFINITIONS = (
					"DEBUG=1",
					"$(inherited)",
				);
				GCC_WARN_64_TO_32_BIT_CONVERSION = YES;
				GCC_WARN_ABOUT_RETURN_TYPE = YES_ERROR;
				GCC_WARN_UNDECLARED_SELECTOR = YES;
				GCC_WARN_UNINITIALIZED_AUTOS = YES_AGGRESSIVE;
				GCC_WARN_UNUSED_FUNCTION = YES;
				GCC_WARN_UNUSED_VARIABLE = YES;
				IPHONEOS_DEPLOYMENT_TARGET = 12.4;
				MTL_ENABLE_DEBUG_INFO = INCLUDE_SOURCE;
				MTL_FAST_MATH = YES;
				ONLY_ACTIVE_ARCH = YES;
				SDKROOT = iphoneos;
				SWIFT_ACTIVE_COMPILATION_CONDITIONS = DEBUG;
				SWIFT_OPTIMIZATION_LEVEL = "-Onone";
			};
			name = Debug;
		};
		FF529F55240CD4AC000A9C35 /* Release */ = {
			isa = XCBuildConfiguration;
			buildSettings = {
				ALWAYS_SEARCH_USER_PATHS = NO;
				CLANG_ANALYZER_NONNULL = YES;
				CLANG_ANALYZER_NUMBER_OBJECT_CONVERSION = YES_AGGRESSIVE;
				CLANG_CXX_LANGUAGE_STANDARD = "gnu++14";
				CLANG_CXX_LIBRARY = "libc++";
				CLANG_ENABLE_MODULES = YES;
				CLANG_ENABLE_OBJC_ARC = YES;
				CLANG_ENABLE_OBJC_WEAK = YES;
				CLANG_WARN_BLOCK_CAPTURE_AUTORELEASING = YES;
				CLANG_WARN_BOOL_CONVERSION = YES;
				CLANG_WARN_COMMA = YES;
				CLANG_WARN_CONSTANT_CONVERSION = YES;
				CLANG_WARN_DEPRECATED_OBJC_IMPLEMENTATIONS = YES;
				CLANG_WARN_DIRECT_OBJC_ISA_USAGE = YES_ERROR;
				CLANG_WARN_DOCUMENTATION_COMMENTS = YES;
				CLANG_WARN_EMPTY_BODY = YES;
				CLANG_WARN_ENUM_CONVERSION = YES;
				CLANG_WARN_INFINITE_RECURSION = YES;
				CLANG_WARN_INT_CONVERSION = YES;
				CLANG_WARN_NON_LITERAL_NULL_CONVERSION = YES;
				CLANG_WARN_OBJC_IMPLICIT_RETAIN_SELF = YES;
				CLANG_WARN_OBJC_LITERAL_CONVERSION = YES;
				CLANG_WARN_OBJC_ROOT_CLASS = YES_ERROR;
				CLANG_WARN_RANGE_LOOP_ANALYSIS = YES;
				CLANG_WARN_STRICT_PROTOTYPES = YES;
				CLANG_WARN_SUSPICIOUS_MOVE = YES;
				CLANG_WARN_UNGUARDED_AVAILABILITY = YES_AGGRESSIVE;
				CLANG_WARN_UNREACHABLE_CODE = YES;
				CLANG_WARN__DUPLICATE_METHOD_MATCH = YES;
				CODE_SIGN_IDENTITY = "iPhone Developer";
				COPY_PHASE_STRIP = NO;
				DEBUG_INFORMATION_FORMAT = "dwarf-with-dsym";
				ENABLE_NS_ASSERTIONS = NO;
				ENABLE_STRICT_OBJC_MSGSEND = YES;
				GCC_C_LANGUAGE_STANDARD = gnu11;
				GCC_NO_COMMON_BLOCKS = YES;
				GCC_WARN_64_TO_32_BIT_CONVERSION = YES;
				GCC_WARN_ABOUT_RETURN_TYPE = YES_ERROR;
				GCC_WARN_UNDECLARED_SELECTOR = YES;
				GCC_WARN_UNINITIALIZED_AUTOS = YES_AGGRESSIVE;
				GCC_WARN_UNUSED_FUNCTION = YES;
				GCC_WARN_UNUSED_VARIABLE = YES;
				IPHONEOS_DEPLOYMENT_TARGET = 12.4;
				MTL_ENABLE_DEBUG_INFO = NO;
				MTL_FAST_MATH = YES;
				SDKROOT = iphoneos;
				SWIFT_COMPILATION_MODE = wholemodule;
				SWIFT_OPTIMIZATION_LEVEL = "-O";
				VALIDATE_PRODUCT = YES;
			};
			name = Release;
		};
		FF529F57240CD4AC000A9C35 /* Debug */ = {
			isa = XCBuildConfiguration;
			baseConfigurationReference = 8DDB9242444DAB1E6A261704 /* Pods-ClinTwin360.debug.xcconfig */;
			buildSettings = {
				ASSETCATALOG_COMPILER_APPICON_NAME = AppIcon;
				CODE_SIGN_ENTITLEMENTS = ClinTwin360/ClinTwin360.entitlements;
				CODE_SIGN_STYLE = Automatic;
				DEVELOPMENT_TEAM = ZXMTMWC98H;
				INFOPLIST_FILE = ClinTwin360/Info.plist;
				IPHONEOS_DEPLOYMENT_TARGET = 11.0;
				LD_RUNPATH_SEARCH_PATHS = (
					"$(inherited)",
					"@executable_path/Frameworks",
				);
				MARKETING_VERSION = 1.1.0;
				PRODUCT_BUNDLE_IDENTIFIER = com.cscie599.ClinTwin360;
				PRODUCT_NAME = "$(TARGET_NAME)";
				SWIFT_VERSION = 5.0;
				TARGETED_DEVICE_FAMILY = 1;
			};
			name = Debug;
		};
		FF529F58240CD4AC000A9C35 /* Release */ = {
			isa = XCBuildConfiguration;
			baseConfigurationReference = 174A4D8F9237B519304FA248 /* Pods-ClinTwin360.release.xcconfig */;
			buildSettings = {
				ASSETCATALOG_COMPILER_APPICON_NAME = AppIcon;
				CODE_SIGN_ENTITLEMENTS = ClinTwin360/ClinTwin360.entitlements;
				CODE_SIGN_STYLE = Automatic;
				DEVELOPMENT_TEAM = ZXMTMWC98H;
				INFOPLIST_FILE = ClinTwin360/Info.plist;
				IPHONEOS_DEPLOYMENT_TARGET = 11.0;
				LD_RUNPATH_SEARCH_PATHS = (
					"$(inherited)",
					"@executable_path/Frameworks",
				);
				MARKETING_VERSION = 1.1.0;
				PRODUCT_BUNDLE_IDENTIFIER = com.cscie599.ClinTwin360;
				PRODUCT_NAME = "$(TARGET_NAME)";
				SWIFT_VERSION = 5.0;
				TARGETED_DEVICE_FAMILY = 1;
			};
			name = Release;
		};
/* End XCBuildConfiguration section */

/* Begin XCConfigurationList section */
		FF529F3F240CD4A9000A9C35 /* Build configuration list for PBXProject "ClinTwin360" */ = {
			isa = XCConfigurationList;
			buildConfigurations = (
				FF529F54240CD4AC000A9C35 /* Debug */,
				FF529F55240CD4AC000A9C35 /* Release */,
			);
			defaultConfigurationIsVisible = 0;
			defaultConfigurationName = Release;
		};
		FF529F56240CD4AC000A9C35 /* Build configuration list for PBXNativeTarget "ClinTwin360" */ = {
			isa = XCConfigurationList;
			buildConfigurations = (
				FF529F57240CD4AC000A9C35 /* Debug */,
				FF529F58240CD4AC000A9C35 /* Release */,
			);
			defaultConfigurationIsVisible = 0;
			defaultConfigurationName = Release;
		};
/* End XCConfigurationList section */
	};
	rootObject = FF529F3C240CD4A9000A9C35 /* Project object */;
}
